
Microsoft Visual Studio Solution File, Format Version 12.00
# Visual Studio Version 17
VisualStudioVersion = 17.10.35027.167
MinimumVisualStudioVersion = 10.0.40219.1
Project("{FAE04EC0-301F-11D3-BF4B-00C04F79EFBC}") = "Tarea 5.1", "Tarea 5.1.csproj", "{02166D76-A3C9-4394-9EE2-4E93D02EF6D2}"
EndProject
Global
	GlobalSection(SolutionConfigurationPlatforms) = preSolution
		Debug|Any CPU = Debug|Any CPU
		Release|Any CPU = Release|Any CPU
	EndGlobalSection
	GlobalSection(ProjectConfigurationPlatforms) = postSolution
		{02166D76-A3C9-4394-9EE2-4E93D02EF6D2}.Debug|Any CPU.ActiveCfg = Debug|Any CPU
		{02166D76-A3C9-4394-9EE2-4E93D02EF6D2}.Debug|Any CPU.Build.0 = Debug|Any CPU
		{02166D76-A3C9-4394-9EE2-4E93D02EF6D2}.Release|Any CPU.ActiveCfg = Release|Any CPU
		{02166D76-A3C9-4394-9EE2-4E93D02EF6D2}.Release|Any CPU.Build.0 = Release|Any CPU
	EndGlobalSection
	GlobalSection(SolutionProperties) = preSolution
		HideSolutionNode = FALSE
	EndGlobalSection
	GlobalSection(ExtensibilityGlobals) = postSolution
		SolutionGuid = {A22BBFAF-C8B6-4C82-84B1-437E80399621}
	EndGlobalSection
EndGlobal
